// !$*UTF8*$!
{
	archiveVersion = 1;
	classes = {
	};
	objectVersion = 46;
	objects = {

/* Begin PBXBuildFile section */
		C86F7E9A1CED801700557D6A /* AppDelegate.swift in Sources */ = {isa = PBXBuildFile; fileRef = C86F7E991CED801700557D6A /* AppDelegate.swift */; };
		C86F7E9C1CED801700557D6A /* ViewController.swift in Sources */ = {isa = PBXBuildFile; fileRef = C86F7E9B1CED801700557D6A /* ViewController.swift */; };
		C86F7E9F1CED801700557D6A /* Main.storyboard in Resources */ = {isa = PBXBuildFile; fileRef = C86F7E9D1CED801700557D6A /* Main.storyboard */; };
		C86F7EA11CED801700557D6A /* Assets.xcassets in Resources */ = {isa = PBXBuildFile; fileRef = C86F7EA01CED801700557D6A /* Assets.xcassets */; };
		C86F7EA41CED801700557D6A /* LaunchScreen.storyboard in Resources */ = {isa = PBXBuildFile; fileRef = C86F7EA21CED801700557D6A /* LaunchScreen.storyboard */; };
		C86F7EAF1CED801800557D6A /* jifenqiTests.swift in Sources */ = {isa = PBXBuildFile; fileRef = C86F7EAE1CED801800557D6A /* jifenqiTests.swift */; };
		C86F7EBA1CED801800557D6A /* jifenqiUITests.swift in Sources */ = {isa = PBXBuildFile; fileRef = C86F7EB91CED801800557D6A /* jifenqiUITests.swift */; };
		C86F7EC81CED806A00557D6A /* libsqlite3.0.tbd in Frameworks */ = {isa = PBXBuildFile; fileRef = C86F7EC71CED806A00557D6A /* libsqlite3.0.tbd */; };
		C86F7ED41CED81A000557D6A /* SQLiteDB.swift in Sources */ = {isa = PBXBuildFile; fileRef = C86F7ED11CED81A000557D6A /* SQLiteDB.swift */; };
		C86F7ED51CED81A000557D6A /* SQLTable.swift in Sources */ = {isa = PBXBuildFile; fileRef = C86F7ED21CED81A000557D6A /* SQLTable.swift */; };
		C86F7ED61CED81A000557D6A /* String-Extras.swift in Sources */ = {isa = PBXBuildFile; fileRef = C86F7ED31CED81A000557D6A /* String-Extras.swift */; };
/* End PBXBuildFile section */

/* Begin PBXContainerItemProxy section */
		C86F7EAB1CED801800557D6A /* PBXContainerItemProxy */ = {
			isa = PBXContainerItemProxy;
			containerPortal = C86F7E8E1CED801700557D6A /* Project object */;
			proxyType = 1;
			remoteGlobalIDString = C86F7E951CED801700557D6A;
			remoteInfo = jifenqi;
		};
		C86F7EB61CED801800557D6A /* PBXContainerItemProxy */ = {
			isa = PBXContainerItemProxy;
			containerPortal = C86F7E8E1CED801700557D6A /* Project object */;
			proxyType = 1;
			remoteGlobalIDString = C86F7E951CED801700557D6A;
			remoteInfo = jifenqi;
		};
/* End PBXContainerItemProxy section */

/* Begin PBXFileReference section */
		C86F7E961CED801700557D6A /* jifenqi.app */ = {isa = PBXFileReference; explicitFileType = wrapper.application; includeInIndex = 0; path = jifenqi.app; sourceTree = BUILT_PRODUCTS_DIR; };
		C86F7E991CED801700557D6A /* AppDelegate.swift */ = {isa = PBXFileReference; lastKnownFileType = sourcecode.swift; path = AppDelegate.swift; sourceTree = "<group>"; };
		C86F7E9B1CED801700557D6A /* ViewController.swift */ = {isa = PBXFileReference; lastKnownFileType = sourcecode.swift; path = ViewController.swift; sourceTree = "<group>"; };
		C86F7E9E1CED801700557D6A /* Base */ = {isa = PBXFileReference; lastKnownFileType = file.storyboard; name = Base; path = Base.lproj/Main.storyboard; sourceTree = "<group>"; };
		C86F7EA01CED801700557D6A /* Assets.xcassets */ = {isa = PBXFileReference; lastKnownFileType = folder.assetcatalog; path = Assets.xcassets; sourceTree = "<group>"; };
		C86F7EA31CED801700557D6A /* Base */ = {isa = PBXFileReference; lastKnownFileType = file.storyboard; name = Base; path = Base.lproj/LaunchScreen.storyboard; sourceTree = "<group>"; };
		C86F7EA51CED801700557D6A /* Info.plist */ = {isa = PBXFileReference; lastKnownFileType = text.plist.xml; path = Info.plist; sourceTree = "<group>"; };
		C86F7EAA1CED801800557D6A /* jifenqiTests.xctest */ = {isa = PBXFileReference; explicitFileType = wrapper.cfbundle; includeInIndex = 0; path = jifenqiTests.xctest; sourceTree = BUILT_PRODUCTS_DIR; };
		C86F7EAE1CED801800557D6A /* jifenqiTests.swift */ = {isa = PBXFileReference; lastKnownFileType = sourcecode.swift; path = jifenqiTests.swift; sourceTree = "<group>"; };
		C86F7EB01CED801800557D6A /* Info.plist */ = {isa = PBXFileReference; lastKnownFileType = text.plist.xml; path = Info.plist; sourceTree = "<group>"; };
		C86F7EB51CED801800557D6A /* jifenqiUITests.xctest */ = {isa = PBXFileReference; explicitFileType = wrapper.cfbundle; includeInIndex = 0; path = jifenqiUITests.xctest; sourceTree = BUILT_PRODUCTS_DIR; };
		C86F7EB91CED801800557D6A /* jifenqiUITests.swift */ = {isa = PBXFileReference; lastKnownFileType = sourcecode.swift; path = jifenqiUITests.swift; sourceTree = "<group>"; };
		C86F7EBB1CED801800557D6A /* Info.plist */ = {isa = PBXFileReference; lastKnownFileType = text.plist.xml; path = Info.plist; sourceTree = "<group>"; };
		C86F7EC71CED806A00557D6A /* libsqlite3.0.tbd */ = {isa = PBXFileReference; lastKnownFileType = "sourcecode.text-based-dylib-definition"; name = libsqlite3.0.tbd; path = usr/lib/libsqlite3.0.tbd; sourceTree = SDKROOT; };
		C86F7EC91CED809A00557D6A /* Bridging-Header.h */ = {isa = PBXFileReference; lastKnownFileType = sourcecode.c.h; path = "Bridging-Header.h"; sourceTree = "<group>"; };
		C86F7ED11CED81A000557D6A /* SQLiteDB.swift */ = {isa = PBXFileReference; fileEncoding = 4; lastKnownFileType = sourcecode.swift; name = SQLiteDB.swift; path = SQLiteDB/SQLiteDB.swift; sourceTree = "<group>"; };
		C86F7ED21CED81A000557D6A /* SQLTable.swift */ = {isa = PBXFileReference; fileEncoding = 4; lastKnownFileType = sourcecode.swift; name = SQLTable.swift; path = SQLiteDB/SQLTable.swift; sourceTree = "<group>"; };
		C86F7ED31CED81A000557D6A /* String-Extras.swift */ = {isa = PBXFileReference; fileEncoding = 4; lastKnownFileType = sourcecode.swift; name = "String-Extras.swift"; path = "SQLiteDB/String-Extras.swift"; sourceTree = "<group>"; };
/* End PBXFileReference section */

/* Begin PBXFrameworksBuildPhase section */
		C86F7E931CED801700557D6A /* Frameworks */ = {
			isa = PBXFrameworksBuildPhase;
			buildActionMask = 2147483647;
			files = (
				C86F7EC81CED806A00557D6A /* libsqlite3.0.tbd in Frameworks */,
			);
			runOnlyForDeploymentPostprocessing = 0;
		};
		C86F7EA71CED801800557D6A /* Frameworks */ = {
			isa = PBXFrameworksBuildPhase;
			buildActionMask = 2147483647;
			files = (
			);
			runOnlyForDeploymentPostprocessing = 0;
		};
		C86F7EB21CED801800557D6A /* Frameworks */ = {
			isa = PBXFrameworksBuildPhase;
			buildActionMask = 2147483647;
			files = (
			);
			runOnlyForDeploymentPostprocessing = 0;
		};
/* End PBXFrameworksBuildPhase section */

/* Begin PBXGroup section */
		C86F7E8D1CED801700557D6A = {
			isa = PBXGroup;
			children = (
				C86F7ED01CED813C00557D6A /* SQLiteDB */,
				C86F7EC71CED806A00557D6A /* libsqlite3.0.tbd */,
				C86F7E981CED801700557D6A /* jifenqi */,
				C86F7EAD1CED801800557D6A /* jifenqiTests */,
				C86F7EB81CED801800557D6A /* jifenqiUITests */,
				C86F7E971CED801700557D6A /* Products */,
			);
			sourceTree = "<group>";
		};
		C86F7E971CED801700557D6A /* Products */ = {
			isa = PBXGroup;
			children = (
				C86F7E961CED801700557D6A /* jifenqi.app */,
				C86F7EAA1CED801800557D6A /* jifenqiTests.xctest */,
				C86F7EB51CED801800557D6A /* jifenqiUITests.xctest */,
			);
			name = Products;
			sourceTree = "<group>";
		};
		C86F7E981CED801700557D6A /* jifenqi */ = {
			isa = PBXGroup;
			children = (
				C86F7E991CED801700557D6A /* AppDelegate.swift */,
				C86F7E9B1CED801700557D6A /* ViewController.swift */,
				C86F7E9D1CED801700557D6A /* Main.storyboard */,
				C86F7EA01CED801700557D6A /* Assets.xcassets */,
				C86F7EA21CED801700557D6A /* LaunchScreen.storyboard */,
				C86F7EA51CED801700557D6A /* Info.plist */,
				C86F7EC91CED809A00557D6A /* Bridging-Header.h */,
			);
			path = jifenqi;
			sourceTree = "<group>";
		};
		C86F7EAD1CED801800557D6A /* jifenqiTests */ = {
			isa = PBXGroup;
			children = (
				C86F7EAE1CED801800557D6A /* jifenqiTests.swift */,
				C86F7EB01CED801800557D6A /* Info.plist */,
			);
			path = jifenqiTests;
			sourceTree = "<group>";
		};
		C86F7EB81CED801800557D6A /* jifenqiUITests */ = {
			isa = PBXGroup;
			children = (
				C86F7EB91CED801800557D6A /* jifenqiUITests.swift */,
				C86F7EBB1CED801800557D6A /* Info.plist */,
			);
			path = jifenqiUITests;
			sourceTree = "<group>";
		};
		C86F7ED01CED813C00557D6A /* SQLiteDB */ = {
			isa = PBXGroup;
			children = (
				C86F7ED11CED81A000557D6A /* SQLiteDB.swift */,
				C86F7ED21CED81A000557D6A /* SQLTable.swift */,
				C86F7ED31CED81A000557D6A /* String-Extras.swift */,
			);
			name = SQLiteDB;
			sourceTree = "<group>";
		};
/* End PBXGroup section */

/* Begin PBXNativeTarget section */
		C86F7E951CED801700557D6A /* jifenqi */ = {
			isa = PBXNativeTarget;
			buildConfigurationList = C86F7EBE1CED801800557D6A /* Build configuration list for PBXNativeTarget "jifenqi" */;
			buildPhases = (
				C86F7E921CED801700557D6A /* Sources */,
				C86F7E931CED801700557D6A /* Frameworks */,
				C86F7E941CED801700557D6A /* Resources */,
			);
			buildRules = (
			);
			dependencies = (
			);
			name = jifenqi;
			productName = jifenqi;
			productReference = C86F7E961CED801700557D6A /* jifenqi.app */;
			productType = "com.apple.product-type.application";
		};
		C86F7EA91CED801800557D6A /* jifenqiTests */ = {
			isa = PBXNativeTarget;
			buildConfigurationList = C86F7EC11CED801800557D6A /* Build configuration list for PBXNativeTarget "jifenqiTests" */;
			buildPhases = (
				C86F7EA61CED801800557D6A /* Sources */,
				C86F7EA71CED801800557D6A /* Frameworks */,
				C86F7EA81CED801800557D6A /* Resources */,
			);
			buildRules = (
			);
			dependencies = (
				C86F7EAC1CED801800557D6A /* PBXTargetDependency */,
			);
			name = jifenqiTests;
			productName = jifenqiTests;
			productReference = C86F7EAA1CED801800557D6A /* jifenqiTests.xctest */;
			productType = "com.apple.product-type.bundle.unit-test";
		};
		C86F7EB41CED801800557D6A /* jifenqiUITests */ = {
			isa = PBXNativeTarget;
			buildConfigurationList = C86F7EC41CED801800557D6A /* Build configuration list for PBXNativeTarget "jifenqiUITests" */;
			buildPhases = (
				C86F7EB11CED801800557D6A /* Sources */,
				C86F7EB21CED801800557D6A /* Frameworks */,
				C86F7EB31CED801800557D6A /* Resources */,
			);
			buildRules = (
			);
			dependencies = (
				C86F7EB71CED801800557D6A /* PBXTargetDependency */,
			);
			name = jifenqiUITests;
			productName = jifenqiUITests;
			productReference = C86F7EB51CED801800557D6A /* jifenqiUITests.xctest */;
			productType = "com.apple.product-type.bundle.ui-testing";
		};
/* End PBXNativeTarget section */

/* Begin PBXProject section */
		C86F7E8E1CED801700557D6A /* Project object */ = {
			isa = PBXProject;
			attributes = {
				LastSwiftUpdateCheck = 0720;
				LastUpgradeCheck = 0720;
				ORGANIZATIONNAME = 20131105808;
				TargetAttributes = {
					C86F7E951CED801700557D6A = {
						CreatedOnToolsVersion = 7.2.1;
						DevelopmentTeam = 58ZS3FK9CN;
					};
					C86F7EA91CED801800557D6A = {
						CreatedOnToolsVersion = 7.2.1;
						DevelopmentTeam = 58ZS3FK9CN;
						TestTargetID = C86F7E951CED801700557D6A;
					};
					C86F7EB41CED801800557D6A = {
						CreatedOnToolsVersion = 7.2.1;
						DevelopmentTeam = 58ZS3FK9CN;
						TestTargetID = C86F7E951CED801700557D6A;
					};
				};
			};
			buildConfigurationList = C86F7E911CED801700557D6A /* Build configuration list for PBXProject "jifenqi" */;
			compatibilityVersion = "Xcode 3.2";
			developmentRegion = English;
			hasScannedForEncodings = 0;
			knownRegions = (
				en,
				Base,
			);
			mainGroup = C86F7E8D1CED801700557D6A;
			productRefGroup = C86F7E971CED801700557D6A /* Products */;
			projectDirPath = "";
			projectRoot = "";
			targets = (
				C86F7E951CED801700557D6A /* jifenqi */,
				C86F7EA91CED801800557D6A /* jifenqiTests */,
				C86F7EB41CED801800557D6A /* jifenqiUITests */,
			);
		};
/* End PBXProject section */

/* Begin PBXResourcesBuildPhase section */
		C86F7E941CED801700557D6A /* Resources */ = {
			isa = PBXResourcesBuildPhase;
			buildActionMask = 2147483647;
			files = (
				C86F7EA41CED801700557D6A /* LaunchScreen.storyboard in Resources */,
				C86F7EA11CED801700557D6A /* Assets.xcassets in Resources */,
				C86F7E9F1CED801700557D6A /* Main.storyboard in Resources */,
			);
			runOnlyForDeploymentPostprocessing = 0;
		};
		C86F7EA81CED801800557D6A /* Resources */ = {
			isa = PBXResourcesBuildPhase;
			buildActionMask = 2147483647;
			files = (
			);
			runOnlyForDeploymentPostprocessing = 0;
		};
		C86F7EB31CED801800557D6A /* Resources */ = {
			isa = PBXResourcesBuildPhase;
			buildActionMask = 2147483647;
			files = (
			);
			runOnlyForDeploymentPostprocessing = 0;
		};
/* End PBXResourcesBuildPhase section */

/* Begin PBXSourcesBuildPhase section */
		C86F7E921CED801700557D6A /* Sources */ = {
			isa = PBXSourcesBuildPhase;
			buildActionMask = 2147483647;
			files = (
				C86F7ED61CED81A000557D6A /* String-Extras.swift in Sources */,
				C86F7ED41CED81A000557D6A /* SQLiteDB.swift in Sources */,
				C86F7ED51CED81A000557D6A /* SQLTable.swift in Sources */,
				C86F7E9C1CED801700557D6A /* ViewController.swift in Sources */,
				C86F7E9A1CED801700557D6A /* AppDelegate.swift in Sources */,
			);
			runOnlyForDeploymentPostprocessing = 0;
		};
		C86F7EA61CED801800557D6A /* Sources */ = {
			isa = PBXSourcesBuildPhase;
			buildActionMask = 2147483647;
			files = (
				C86F7EAF1CED801800557D6A /* jifenqiTests.swift in Sources */,
			);
			runOnlyForDeploymentPostprocessing = 0;
		};
		C86F7EB11CED801800557D6A /* Sources */ = {
			isa = PBXSourcesBuildPhase;
			buildActionMask = 2147483647;
			files = (
				C86F7EBA1CED801800557D6A /* jifenqiUITests.swift in Sources */,
			);
			runOnlyForDeploymentPostprocessing = 0;
		};
/* End PBXSourcesBuildPhase section */

/* Begin PBXTargetDependency section */
		C86F7EAC1CED801800557D6A /* PBXTargetDependency */ = {
			isa = PBXTargetDependency;
			target = C86F7E951CED801700557D6A /* jifenqi */;
			targetProxy = C86F7EAB1CED801800557D6A /* PBXContainerItemProxy */;
		};
		C86F7EB71CED801800557D6A /* PBXTargetDependency */ = {
			isa = PBXTargetDependency;
			target = C86F7E951CED801700557D6A /* jifenqi */;
			targetProxy = C86F7EB61CED801800557D6A /* PBXContainerItemProxy */;
		};
/* End PBXTargetDependency section */

/* Begin PBXVariantGroup section */
		C86F7E9D1CED801700557D6A /* Main.storyboard */ = {
			isa = PBXVariantGroup;
			children = (
				C86F7E9E1CED801700557D6A /* Base */,
			);
			name = Main.storyboard;
			sourceTree = "<group>";
		};
		C86F7EA21CED801700557D6A /* LaunchScreen.storyboard */ = {
			isa = PBXVariantGroup;
			children = (
				C86F7EA31CED801700557D6A /* Base */,
			);
			name = LaunchScreen.storyboard;
			sourceTree = "<group>";
		};
/* End PBXVariantGroup section */

/* Begin XCBuildConfiguration section */
		C86F7EBC1CED801800557D6A /* Debug */ = {
			isa = XCBuildConfiguration;
			buildSettings = {
				ALWAYS_SEARCH_USER_PATHS = NO;
				CLANG_CXX_LANGUAGE_STANDARD = "gnu++0x";
				CLANG_CXX_LIBRARY = "libc++";
				CLANG_ENABLE_MODULES = YES;
				CLANG_ENABLE_OBJC_ARC = YES;
				CLANG_WARN_BOOL_CONVERSION = YES;
				CLANG_WARN_CONSTANT_CONVERSION = YES;
				CLANG_WARN_DIRECT_OBJC_ISA_USAGE = YES_ERROR;
				CLANG_WARN_EMPTY_BODY = YES;
				CLANG_WARN_ENUM_CONVERSION = YES;
				CLANG_WARN_INT_CONVERSION = YES;
				CLANG_WARN_OBJC_ROOT_CLASS = YES_ERROR;
				CLANG_WARN_UNREACHABLE_CODE = YES;
				CLANG_WARN__DUPLICATE_METHOD_MATCH = YES;
				"CODE_SIGN_IDENTITY[sdk=iphoneos*]" = "iPhone Developer";
				COPY_PHASE_STRIP = NO;
				DEBUG_INFORMATION_FORMAT = dwarf;
				ENABLE_STRICT_OBJC_MSGSEND = YES;
				ENABLE_TESTABILITY = YES;
				GCC_C_LANGUAGE_STANDARD = gnu99;
				GCC_DYNAMIC_NO_PIC = NO;
				GCC_NO_COMMON_BLOCKS = YES;
				GCC_OPTIMIZATION_LEVEL = 0;
				GCC_PREPROCESSOR_DEFINITIONS = (
					"DEBUG=1",
					"$(inherited)",
				);
				GCC_WARN_64_TO_32_BIT_CONVERSION = YES;
				GCC_WARN_ABOUT_RETURN_TYPE = YES_ERROR;
				GCC_WARN_UNDECLARED_SELECTOR = YES;
				GCC_WARN_UNINITIALIZED_AUTOS = YES_AGGRESSIVE;
				GCC_WARN_UNUSED_FUNCTION = YES;
				GCC_WARN_UNUSED_VARIABLE = YES;
				IPHONEOS_DEPLOYMENT_TARGET = 9.2;
				MTL_ENABLE_DEBUG_INFO = YES;
				ONLY_ACTIVE_ARCH = YES;
				SDKROOT = iphoneos;
				SWIFT_OPTIMIZATION_LEVEL = "-Onone";
			};
			name = Debug;
		};
		C86F7EBD1CED801800557D6A /* Release */ = {
			isa = XCBuildConfiguration;
			buildSettings = {
				ALWAYS_SEARCH_USER_PATHS = NO;
				CLANG_CXX_LANGUAGE_STANDARD = "gnu++0x";
				CLANG_CXX_LIBRARY = "libc++";
				CLANG_ENABLE_MODULES = YES;
				CLANG_ENABLE_OBJC_ARC = YES;
				CLANG_WARN_BOOL_CONVERSION = YES;
				CLANG_WARN_CONSTANT_CONVERSION = YES;
				CLANG_WARN_DIRECT_OBJC_ISA_USAGE = YES_ERROR;
				CLANG_WARN_EMPTY_BODY = YES;
				CLANG_WARN_ENUM_CONVERSION = YES;
				CLANG_WARN_INT_CONVERSION = YES;
				CLANG_WARN_OBJC_ROOT_CLASS = YES_ERROR;
				CLANG_WARN_UNREACHABLE_CODE = YES;
				CLANG_WARN__DUPLICATE_METHOD_MATCH = YES;
				"CODE_SIGN_IDENTITY[sdk=iphoneos*]" = "iPhone Developer";
				COPY_PHASE_STRIP = NO;
				DEBUG_INFORMATION_FORMAT = "dwarf-with-dsym";
				ENABLE_NS_ASSERTIONS = NO;
				ENABLE_STRICT_OBJC_MSGSEND = YES;
				GCC_C_LANGUAGE_STANDARD = gnu99;
				GCC_NO_COMMON_BLOCKS = YES;
				GCC_WARN_64_TO_32_BIT_CONVERSION = YES;
				GCC_WARN_ABOUT_RETURN_TYPE = YES_ERROR;
				GCC_WARN_UNDECLARED_SELECTOR = YES;
				GCC_WARN_UNINITIALIZED_AUTOS = YES_AGGRESSIVE;
				GCC_WARN_UNUSED_FUNCTION = YES;
				GCC_WARN_UNUSED_VARIABLE = YES;
				IPHONEOS_DEPLOYMENT_TARGET = 9.2;
				MTL_ENABLE_DEBUG_INFO = NO;
				SDKROOT = iphoneos;
				VALIDATE_PRODUCT = YES;
			};
			name = Release;
		};
		C86F7EBF1CED801800557D6A /* Debug */ = {
			isa = XCBuildConfiguration;
			buildSettings = {
				ASSETCATALOG_COMPILER_APPICON_NAME = AppIcon;
				INFOPLIST_FILE = jifenqi/Info.plist;
				LD_RUNPATH_SEARCH_PATHS = "$(inherited) @executable_path/Frameworks";
				PRODUCT_BUNDLE_IDENTIFIER = imnu.edu.cn.jifenqi;
				PRODUCT_NAME = "$(TARGET_NAME)";
				SWIFT_OBJC_BRIDGING_HEADER = "/Users/a20131105808/Desktop/ 乌仁苏都/jifenqi/jifenqi/Bridging-Header.h";
			};
			name = Debug;
		};
		C86F7EC01CED801800557D6A /* Release */ = {
			isa = XCBuildConfiguration;
			buildSettings = {
				ASSETCATALOG_COMPILER_APPICON_NAME = AppIcon;
				INFOPLIST_FILE = jifenqi/Info.plist;
				LD_RUNPATH_SEARCH_PATHS = "$(inherited) @executable_path/Frameworks";
				PRODUCT_BUNDLE_IDENTIFIER = imnu.edu.cn.jifenqi;
				PRODUCT_NAME = "$(TARGET_NAME)";
				SWIFT_OBJC_BRIDGING_HEADER = "/Users/a20131105808/Desktop/ 乌仁苏都/jifenqi/jifenqi/Bridging-Header.h";
			};
			name = Release;
		};
		C86F7EC21CED801800557D6A /* Debug */ = {
			isa = XCBuildConfiguration;
			buildSettings = {
				BUNDLE_LOADER = "$(TEST_HOST)";
				INFOPLIST_FILE = jifenqiTests/Info.plist;
				LD_RUNPATH_SEARCH_PATHS = "$(inherited) @executable_path/Frameworks @loader_path/Frameworks";
				PRODUCT_BUNDLE_IDENTIFIER = imnu.edu.cn.jifenqiTests;
				PRODUCT_NAME = "$(TARGET_NAME)";
				TEST_HOST = "$(BUILT_PRODUCTS_DIR)/jifenqi.app/jifenqi";
			};
			name = Debug;
		};
		C86F7EC31CED801800557D6A /* Release */ = {
			isa = XCBuildConfiguration;
			buildSettings = {
				BUNDLE_LOADER = "$(TEST_HOST)";
				INFOPLIST_FILE = jifenqiTests/Info.plist;
				LD_RUNPATH_SEARCH_PATHS = "$(inherited) @executable_path/Frameworks @loader_path/Frameworks";
				PRODUCT_BUNDLE_IDENTIFIER = imnu.edu.cn.jifenqiTests;
				PRODUCT_NAME = "$(TARGET_NAME)";
				TEST_HOST = "$(BUILT_PRODUCTS_DIR)/jifenqi.app/jifenqi";
			};
			name = Release;
		};
		C86F7EC51CED801800557D6A /* Debug */ = {
			isa = XCBuildConfiguration;
			buildSettings = {
				INFOPLIST_FILE = jifenqiUITests/Info.plist;
				LD_RUNPATH_SEARCH_PATHS = "$(inherited) @executable_path/Frameworks @loader_path/Frameworks";
				PRODUCT_BUNDLE_IDENTIFIER = imnu.edu.cn.jifenqiUITests;
				PRODUCT_NAME = "$(TARGET_NAME)";
				TEST_TARGET_NAME = jifenqi;
				USES_XCTRUNNER = YES;
			};
			name = Debug;
		};
		C86F7EC61CED801800557D6A /* Release */ = {
			isa = XCBuildConfiguration;
			buildSettings = {
				INFOPLIST_FILE = jifenqiUITests/Info.plist;
				LD_RUNPATH_SEARCH_PATHS = "$(inherited) @executable_path/Frameworks @loader_path/Frameworks";
				PRODUCT_BUNDLE_IDENTIFIER = imnu.edu.cn.jifenqiUITests;
				PRODUCT_NAME = "$(TARGET_NAME)";
				TEST_TARGET_NAME = jifenqi;
				USES_XCTRUNNER = YES;
			};
			name = Release;
		};
/* End XCBuildConfiguration section */

/* Begin XCConfigurationList section */
		C86F7E911CED801700557D6A /* Build configuration list for PBXProject "jifenqi" */ = {
			isa = XCConfigurationList;
			buildConfigurations = (
				C86F7EBC1CED801800557D6A /* Debug */,
				C86F7EBD1CED801800557D6A /* Release */,
			);
			defaultConfigurationIsVisible = 0;
			defaultConfigurationName = Release;
		};
		C86F7EBE1CED801800557D6A /* Build configuration list for PBXNativeTarget "jifenqi" */ = {
			isa = XCConfigurationList;
			buildConfigurations = (
				C86F7EBF1CED801800557D6A /* Debug */,
				C86F7EC01CED801800557D6A /* Release */,
			);
			defaultConfigurationIsVisible = 0;
		};
		C86F7EC11CED801800557D6A /* Build configuration list for PBXNativeTarget "jifenqiTests" */ = {
			isa = XCConfigurationList;
			buildConfigurations = (
				C86F7EC21CED801800557D6A /* Debug */,
				C86F7EC31CED801800557D6A /* Release */,
			);
			defaultConfigurationIsVisible = 0;
		};
		C86F7EC41CED801800557D6A /* Build configuration list for PBXNativeTarget "jifenqiUITests" */ = {
			isa = XCConfigurationList;
			buildConfigurations = (
				C86F7EC51CED801800557D6A /* Debug */,
				C86F7EC61CED801800557D6A /* Release */,
			);
			defaultConfigurationIsVisible = 0;
		};
/* End XCConfigurationList section */
	};
	rootObject = C86F7E8E1CED801700557D6A /* Project object */;
}
